
Microsoft Visual Studio Solution File, Format Version 12.00
# Visual Studio Version 17
VisualStudioVersion = 17.13.35931.197
MinimumVisualStudioVersion = 10.0.40219.1
Project("{FAE04EC0-301F-11D3-BF4B-00C04F79EFBC}") = "TiaMcpServer.Test", "tests\TiaMcpServer.Test\TiaMcpServer.Test.csproj", "{75B73C6E-3ED2-71DE-B28D-E0CE4579D208}"
EndProject
Project("{FAE04EC0-301F-11D3-BF4B-00C04F79EFBC}") = "TiaMcpServer", "src\TiaMcpServer\TiaMcpServer.csproj", "{9979E0D0-923F-F721-2D6E-3663C0D68B0F}"
EndProject
Project("{FAE04EC0-301F-11D3-BF4B-00C04F79EFBC}") = "TiaMcpBroker", "src\TiaMcpBroker\TiaMcpBroker.csproj", "{C7D8495A-061C-49E6-B7F2-ED8277F2803E}"
EndProject
Project("{FAE04EC0-301F-11D3-BF4B-00C04F79EFBC}") = "TiaMcp.Contracts", "src\TiaMcp.Contracts\TiaMcp.Contracts.csproj", "{5E7A1C2D-3F40-4B51-8C62-7D8394EA0F12}"
EndProject
Project("{FAE04EC0-301F-11D3-BF4B-00C04F79EFBC}") = "TiaMcp.Contracts.Test", "tests\TiaMcp.Contracts.Test\TiaMcp.Contracts.Test.csproj", "{6F8B2D3E-4A51-4C62-9D73-8EA405FB1023}"
EndProject
Global
	GlobalSection(SolutionConfigurationPlatforms) = preSolution
		Debug|Any CPU = Debug|Any CPU
		Release|Any CPU = Release|Any CPU
	EndGlobalSection
	GlobalSection(ProjectConfigurationPlatforms) = postSolution
		{75B73C6E-3ED2-71DE-B28D-E0CE4579D208}.Debug|Any CPU.ActiveCfg = Debug|Any CPU
		{75B73C6E-3ED2-71DE-B28D-E0CE4579D208}.Debug|Any CPU.Build.0 = Debug|Any CPU
		{75B73C6E-3ED2-71DE-B28D-E0CE4579D208}.Release|Any CPU.ActiveCfg = Release|Any CPU
		{75B73C6E-3ED2-71DE-B28D-E0CE4579D208}.Release|Any CPU.Build.0 = Release|Any CPU
		{9979E0D0-923F-F721-2D6E-3663C0D68B0F}.Debug|Any CPU.ActiveCfg = Debug|Any CPU
		{9979E0D0-923F-F721-2D6E-3663C0D68B0F}.Debug|Any CPU.Build.0 = Debug|Any CPU
		{9979E0D0-923F-F721-2D6E-3663C0D68B0F}.Release|Any CPU.ActiveCfg = Release|Any CPU
		{9979E0D0-923F-F721-2D6E-3663C0D68B0F}.Release|Any CPU.Build.0 = Release|Any CPU
		{C7D8495A-061C-49E6-B7F2-ED8277F2803E}.Debug|Any CPU.ActiveCfg = Debug|Any CPU
		{C7D8495A-061C-49E6-B7F2-ED8277F2803E}.Debug|Any CPU.Build.0 = Debug|Any CPU
		{C7D8495A-061C-49E6-B7F2-ED8277F2803E}.Release|Any CPU.ActiveCfg = Release|Any CPU
		{C7D8495A-061C-49E6-B7F2-ED8277F2803E}.Release|Any CPU.Build.0 = Release|Any CPU
		{5E7A1C2D-3F40-4B51-8C62-7D8394EA0F12}.Debug|Any CPU.ActiveCfg = Debug|Any CPU
		{5E7A1C2D-3F40-4B51-8C62-7D8394EA0F12}.Debug|Any CPU.Build.0 = Debug|Any CPU
		{5E7A1C2D-3F40-4B51-8C62-7D8394EA0F12}.Release|Any CPU.ActiveCfg = Release|Any CPU
		{5E7A1C2D-3F40-4B51-8C62-7D8394EA0F12}.Release|Any CPU.Build.0 = Release|Any CPU
		{6F8B2D3E-4A51-4C62-9D73-8EA405FB1023}.Debug|Any CPU.ActiveCfg = Debug|Any CPU
		{6F8B2D3E-4A51-4C62-9D73-8EA405FB1023}.Debug|Any CPU.Build.0 = Debug|Any CPU
		{6F8B2D3E-4A51-4C62-9D73-8EA405FB1023}.Release|Any CPU.ActiveCfg = Release|Any CPU
		{6F8B2D3E-4A51-4C62-9D73-8EA405FB1023}.Release|Any CPU.Build.0 = Release|Any CPU
	EndGlobalSection
	GlobalSection(SolutionProperties) = preSolution
		HideSolutionNode = FALSE
	EndGlobalSection
	GlobalSection(ExtensibilityGlobals) = postSolution
		SolutionGuid = {126264AE-6DBE-4666-9702-855C73562D58}
	EndGlobalSection
EndGlobal
